
Microsoft Visual Studio Solution File, Format Version 12.00
# Visual Studio Version 17
VisualStudioVersion = 17.4.33103.184
MinimumVisualStudioVersion = 10.0.40219.1
Project("{FAE04EC0-301F-11D3-BF4B-00C04F79EFBC}") = "HerkulesEmployee", "HerkulesEmployee\HerkulesEmployee.csproj", "{4FDADC07-2FB6-42FC-9EC8-AFB02495CFCC}"
EndProject
Global
	GlobalSection(SolutionConfigurationPlatforms) = preSolution
		Debug|Any CPU = Debug|Any CPU
		Release|Any CPU = Release|Any CPU
	EndGlobalSection
	GlobalSection(ProjectConfigurationPlatforms) = postSolution
		{4FDADC07-2FB6-42FC-9EC8-AFB02495CFCC}.Debug|Any CPU.ActiveCfg = Debug|Any CPU
		{4FDADC07-2FB6-42FC-9EC8-AFB02495CFCC}.Debug|Any CPU.Build.0 = Debug|Any CPU
		{4FDADC07-2FB6-42FC-9EC8-AFB02495CFCC}.Release|Any CPU.ActiveCfg = Release|Any CPU
		{4FDADC07-2FB6-42FC-9EC8-AFB02495CFCC}.Release|Any CPU.Build.0 = Release|Any CPU
	EndGlobalSection
	GlobalSection(SolutionProperties) = preSolution
		HideSolutionNode = FALSE
	EndGlobalSection
	GlobalSection(ExtensibilityGlobals) = postSolution
		SolutionGuid = {9F4A2CB1-3DAE-430B-A9F8-494DBC41936F}
	EndGlobalSection
EndGlobal
